
Microsoft Visual Studio Solution File, Format Version 12.00
# Visual Studio 14
VisualStudioVersion = 14.0.25123.0
MinimumVisualStudioVersion = 10.0.40219.1
Project("{FAE04EC0-301F-11D3-BF4B-00C04F79EFBC}") = "Monkeys.Droid", "Monkeys\Monkeys.Droid\Monkeys.Droid.csproj", "{E7083F7D-B06A-4FC3-AEA5-AF4B888B68B7}"
EndProject
Project("{FAE04EC0-301F-11D3-BF4B-00C04F79EFBC}") = "Monkeys.iOS", "Monkeys\Monkeys.iOS\Monkeys.iOS.csproj", "{BD6CCA24-7572-4F8B-8257-23BC7C3CBB73}"
EndProject
Project("{FAE04EC0-301F-11D3-BF4B-00C04F79EFBC}") = "Monkeys.WinPhone", "Monkeys\Monkeys.WinPhone\Monkeys.WinPhone.csproj", "{BB0BA4B5-6A48-4AD7-BEA0-0D122FF5BE0D}"
EndProject
Project("{FAE04EC0-301F-11D3-BF4B-00C04F79EFBC}") = "Monkeys.UWP", "Monkeys\Monkeys.UWP\Monkeys.UWP.csproj", "{E5F3B859-19B0-4448-A3F4-FA4945A5FE4D}"
EndProject
Project("{FAE04EC0-301F-11D3-BF4B-00C04F79EFBC}") = "Monkeys", "Monkeys\Monkeys\Monkeys.csproj", "{2AB8AB4D-1B92-478E-8794-D2D2C7F72467}"
EndProject
Global
	GlobalSection(SolutionConfigurationPlatforms) = preSolution
		Ad-Hoc|Any CPU = Ad-Hoc|Any CPU
		Ad-Hoc|ARM = Ad-Hoc|ARM
		Ad-Hoc|iPhone = Ad-Hoc|iPhone
		Ad-Hoc|iPhoneSimulator = Ad-Hoc|iPhoneSimulator
		Ad-Hoc|x64 = Ad-Hoc|x64
		Ad-Hoc|x86 = Ad-Hoc|x86
		AppStore|Any CPU = AppStore|Any CPU
		AppStore|ARM = AppStore|ARM
		AppStore|iPhone = AppStore|iPhone
		AppStore|iPhoneSimulator = AppStore|iPhoneSimulator
		AppStore|x64 = AppStore|x64
		AppStore|x86 = AppStore|x86
		Debug|Any CPU = Debug|Any CPU
		Debug|ARM = Debug|ARM
		Debug|iPhone = Debug|iPhone
		Debug|iPhoneSimulator = Debug|iPhoneSimulator
		Debug|x64 = Debug|x64
		Debug|x86 = Debug|x86
		Release|Any CPU = Release|Any CPU
		Release|ARM = Release|ARM
		Release|iPhone = Release|iPhone
		Release|iPhoneSimulator = Release|iPhoneSimulator
		Release|x64 = Release|x64
		Release|x86 = Release|x86
	EndGlobalSection
	GlobalSection(ProjectConfigurationPlatforms) = postSolution
		{E7083F7D-B06A-4FC3-AEA5-AF4B888B68B7}.Ad-Hoc|Any CPU.ActiveCfg = Release|Any CPU
		{E7083F7D-B06A-4FC3-AEA5-AF4B888B68B7}.Ad-Hoc|Any CPU.Build.0 = Release|Any CPU
		{E7083F7D-B06A-4FC3-AEA5-AF4B888B68B7}.Ad-Hoc|Any CPU.Deploy.0 = Release|Any CPU
		{E7083F7D-B06A-4FC3-AEA5-AF4B888B68B7}.Ad-Hoc|ARM.ActiveCfg = Release|Any CPU
		{E7083F7D-B06A-4FC3-AEA5-AF4B888B68B7}.Ad-Hoc|ARM.Build.0 = Release|Any CPU
		{E7083F7D-B06A-4FC3-AEA5-AF4B888B68B7}.Ad-Hoc|ARM.Deploy.0 = Release|Any CPU
		{E7083F7D-B06A-4FC3-AEA5-AF4B888B68B7}.Ad-Hoc|iPhone.ActiveCfg = Release|Any CPU
		{E7083F7D-B06A-4FC3-AEA5-AF4B888B68B7}.Ad-Hoc|iPhone.Build.0 = Release|Any CPU
		{E7083F7D-B06A-4FC3-AEA5-AF4B888B68B7}.Ad-Hoc|iPhone.Deploy.0 = Release|Any CPU
		{E7083F7D-B06A-4FC3-AEA5-AF4B888B68B7}.Ad-Hoc|iPhoneSimulator.ActiveCfg = Release|Any CPU
		{E7083F7D-B06A-4FC3-AEA5-AF4B888B68B7}.Ad-Hoc|iPhoneSimulator.Build.0 = Release|Any CPU
		{E7083F7D-B06A-4FC3-AEA5-AF4B888B68B7}.Ad-Hoc|iPhoneSimulator.Deploy.0 = Release|Any CPU
		{E7083F7D-B06A-4FC3-AEA5-AF4B888B68B7}.Ad-Hoc|x64.ActiveCfg = Release|Any CPU
		{E7083F7D-B06A-4FC3-AEA5-AF4B888B68B7}.Ad-Hoc|x64.Build.0 = Release|Any CPU
		{E7083F7D-B06A-4FC3-AEA5-AF4B888B68B7}.Ad-Hoc|x64.Deploy.0 = Release|Any CPU
		{E7083F7D-B06A-4FC3-AEA5-AF4B888B68B7}.Ad-Hoc|x86.ActiveCfg = Release|Any CPU
		{E7083F7D-B06A-4FC3-AEA5-AF4B888B68B7}.Ad-Hoc|x86.Build.0 = Release|Any CPU
		{E7083F7D-B06A-4FC3-AEA5-AF4B888B68B7}.Ad-Hoc|x86.Deploy.0 = Release|Any CPU
		{E7083F7D-B06A-4FC3-AEA5-AF4B888B68B7}.AppStore|Any CPU.ActiveCfg = Release|Any CPU
		{E7083F7D-B06A-4FC3-AEA5-AF4B888B68B7}.AppStore|Any CPU.Build.0 = Release|Any CPU
		{E7083F7D-B06A-4FC3-AEA5-AF4B888B68B7}.AppStore|Any CPU.Deploy.0 = Release|Any CPU
		{E7083F7D-B06A-4FC3-AEA5-AF4B888B68B7}.AppStore|ARM.ActiveCfg = Release|Any CPU
		{E7083F7D-B06A-4FC3-AEA5-AF4B888B68B7}.AppStore|ARM.Build.0 = Release|Any CPU
		{E7083F7D-B06A-4FC3-AEA5-AF4B888B68B7}.AppStore|ARM.Deploy.0 = Release|Any CPU
		{E7083F7D-B06A-4FC3-AEA5-AF4B888B68B7}.AppStore|iPhone.ActiveCfg = Release|Any CPU
		{E7083F7D-B06A-4FC3-AEA5-AF4B888B68B7}.AppStore|iPhone.Build.0 = Release|Any CPU
		{E7083F7D-B06A-4FC3-AEA5-AF4B888B68B7}.AppStore|iPhone.Deploy.0 = Release|Any CPU
		{E7083F7D-B06A-4FC3-AEA5-AF4B888B68B7}.AppStore|iPhoneSimulator.ActiveCfg = Release|Any CPU
		{E7083F7D-B06A-4FC3-AEA5-AF4B888B68B7}.AppStore|iPhoneSimulator.Build.0 = Release|Any CPU
		{E7083F7D-B06A-4FC3-AEA5-AF4B888B68B7}.AppStore|iPhoneSimulator.Deploy.0 = Release|Any CPU
		{E7083F7D-B06A-4FC3-AEA5-AF4B888B68B7}.AppStore|x64.ActiveCfg = Release|Any CPU
		{E7083F7D-B06A-4FC3-AEA5-AF4B888B68B7}.AppStore|x64.Build.0 = Release|Any CPU
		{E7083F7D-B06A-4FC3-AEA5-AF4B888B68B7}.AppStore|x64.Deploy.0 = Release|Any CPU
		{E7083F7D-B06A-4FC3-AEA5-AF4B888B68B7}.AppStore|x86.ActiveCfg = Release|Any CPU
		{E7083F7D-B06A-4FC3-AEA5-AF4B888B68B7}.AppStore|x86.Build.0 = Release|Any CPU
		{E7083F7D-B06A-4FC3-AEA5-AF4B888B68B7}.AppStore|x86.Deploy.0 = Release|Any CPU
		{E7083F7D-B06A-4FC3-AEA5-AF4B888B68B7}.Debug|Any CPU.ActiveCfg = Debug|Any CPU
		{E7083F7D-B06A-4FC3-AEA5-AF4B888B68B7}.Debug|Any CPU.Build.0 = Debug|Any CPU
		{E7083F7D-B06A-4FC3-AEA5-AF4B888B68B7}.Debug|Any CPU.Deploy.0 = Debug|Any CPU
		{E7083F7D-B06A-4FC3-AEA5-AF4B888B68B7}.Debug|ARM.ActiveCfg = Debug|Any CPU
		{E7083F7D-B06A-4FC3-AEA5-AF4B888B68B7}.Debug|ARM.Build.0 = Debug|Any CPU
		{E7083F7D-B06A-4FC3-AEA5-AF4B888B68B7}.Debug|ARM.Deploy.0 = Debug|Any CPU
		{E7083F7D-B06A-4FC3-AEA5-AF4B888B68B7}.Debug|iPhone.ActiveCfg = Debug|Any CPU
		{E7083F7D-B06A-4FC3-AEA5-AF4B888B68B7}.Debug|iPhone.Build.0 = Debug|Any CPU
		{E7083F7D-B06A-4FC3-AEA5-AF4B888B68B7}.Debug|iPhone.Deploy.0 = Debug|Any CPU
		{E7083F7D-B06A-4FC3-AEA5-AF4B888B68B7}.Debug|iPhoneSimulator.ActiveCfg = Debug|Any CPU
		{E7083F7D-B06A-4FC3-AEA5-AF4B888B68B7}.Debug|iPhoneSimulator.Build.0 = Debug|Any CPU
		{E7083F7D-B06A-4FC3-AEA5-AF4B888B68B7}.Debug|iPhoneSimulator.Deploy.0 = Debug|Any CPU
		{E7083F7D-B06A-4FC3-AEA5-AF4B888B68B7}.Debug|x64.ActiveCfg = Debug|Any CPU
		{E7083F7D-B06A-4FC3-AEA5-AF4B888B68B7}.Debug|x64.Build.0 = Debug|Any CPU
		{E7083F7D-B06A-4FC3-AEA5-AF4B888B68B7}.Debug|x64.Deploy.0 = Debug|Any CPU
		{E7083F7D-B06A-4FC3-AEA5-AF4B888B68B7}.Debug|x86.ActiveCfg = Debug|Any CPU
		{E7083F7D-B06A-4FC3-AEA5-AF4B888B68B7}.Debug|x86.Build.0 = Debug|Any CPU
		{E7083F7D-B06A-4FC3-AEA5-AF4B888B68B7}.Debug|x86.Deploy.0 = Debug|Any CPU
		{E7083F7D-B06A-4FC3-AEA5-AF4B888B68B7}.Release|Any CPU.ActiveCfg = Release|Any CPU
		{E7083F7D-B06A-4FC3-AEA5-AF4B888B68B7}.Release|Any CPU.Build.0 = Release|Any CPU
		{E7083F7D-B06A-4FC3-AEA5-AF4B888B68B7}.Release|Any CPU.Deploy.0 = Release|Any CPU
		{E7083F7D-B06A-4FC3-AEA5-AF4B888B68B7}.Release|ARM.ActiveCfg = Release|Any CPU
		{E7083F7D-B06A-4FC3-AEA5-AF4B888B68B7}.Release|ARM.Build.0 = Release|Any CPU
		{E7083F7D-B06A-4FC3-AEA5-AF4B888B68B7}.Release|ARM.Deploy.0 = Release|Any CPU
		{E7083F7D-B06A-4FC3-AEA5-AF4B888B68B7}.Release|iPhone.ActiveCfg = Release|Any CPU
		{E7083F7D-B06A-4FC3-AEA5-AF4B888B68B7}.Release|iPhone.Build.0 = Release|Any CPU
		{E7083F7D-B06A-4FC3-AEA5-AF4B888B68B7}.Release|iPhone.Deploy.0 = Release|Any CPU
		{E7083F7D-B06A-4FC3-AEA5-AF4B888B68B7}.Release|iPhoneSimulator.ActiveCfg = Release|Any CPU
		{E7083F7D-B06A-4FC3-AEA5-AF4B888B68B7}.Release|iPhoneSimulator.Build.0 = Release|Any CPU
		{E7083F7D-B06A-4FC3-AEA5-AF4B888B68B7}.Release|iPhoneSimulator.Deploy.0 = Release|Any CPU
		{E7083F7D-B06A-4FC3-AEA5-AF4B888B68B7}.Release|x64.ActiveCfg = Release|Any CPU
		{E7083F7D-B06A-4FC3-AEA5-AF4B888B68B7}.Release|x64.Build.0 = Release|Any CPU
		{E7083F7D-B06A-4FC3-AEA5-AF4B888B68B7}.Release|x64.Deploy.0 = Release|Any CPU
		{E7083F7D-B06A-4FC3-AEA5-AF4B888B68B7}.Release|x86.ActiveCfg = Release|Any CPU
		{E7083F7D-B06A-4FC3-AEA5-AF4B888B68B7}.Release|x86.Build.0 = Release|Any CPU
		{E7083F7D-B06A-4FC3-AEA5-AF4B888B68B7}.Release|x86.Deploy.0 = Release|Any CPU
		{BD6CCA24-7572-4F8B-8257-23BC7C3CBB73}.Ad-Hoc|Any CPU.ActiveCfg = Ad-Hoc|iPhone
		{BD6CCA24-7572-4F8B-8257-23BC7C3CBB73}.Ad-Hoc|ARM.ActiveCfg = Ad-Hoc|iPhone
		{BD6CCA24-7572-4F8B-8257-23BC7C3CBB73}.Ad-Hoc|iPhone.ActiveCfg = Ad-Hoc|iPhone
		{BD6CCA24-7572-4F8B-8257-23BC7C3CBB73}.Ad-Hoc|iPhone.Build.0 = Ad-Hoc|iPhone
		{BD6CCA24-7572-4F8B-8257-23BC7C3CBB73}.Ad-Hoc|iPhoneSimulator.ActiveCfg = Ad-Hoc|iPhoneSimulator
		{BD6CCA24-7572-4F8B-8257-23BC7C3CBB73}.Ad-Hoc|iPhoneSimulator.Build.0 = Ad-Hoc|iPhoneSimulator
		{BD6CCA24-7572-4F8B-8257-23BC7C3CBB73}.Ad-Hoc|x64.ActiveCfg = Ad-Hoc|iPhone
		{BD6CCA24-7572-4F8B-8257-23BC7C3CBB73}.Ad-Hoc|x86.ActiveCfg = Ad-Hoc|iPhone
		{BD6CCA24-7572-4F8B-8257-23BC7C3CBB73}.AppStore|Any CPU.ActiveCfg = AppStore|iPhone
		{BD6CCA24-7572-4F8B-8257-23BC7C3CBB73}.AppStore|ARM.ActiveCfg = AppStore|iPhone
		{BD6CCA24-7572-4F8B-8257-23BC7C3CBB73}.AppStore|iPhone.ActiveCfg = AppStore|iPhone
		{BD6CCA24-7572-4F8B-8257-23BC7C3CBB73}.AppStore|iPhone.Build.0 = AppStore|iPhone
		{BD6CCA24-7572-4F8B-8257-23BC7C3CBB73}.AppStore|iPhoneSimulator.ActiveCfg = AppStore|iPhoneSimulator
		{BD6CCA24-7572-4F8B-8257-23BC7C3CBB73}.AppStore|iPhoneSimulator.Build.0 = AppStore|iPhoneSimulator
		{BD6CCA24-7572-4F8B-8257-23BC7C3CBB73}.AppStore|x64.ActiveCfg = AppStore|iPhone
		{BD6CCA24-7572-4F8B-8257-23BC7C3CBB73}.AppStore|x86.ActiveCfg = AppStore|iPhone
		{BD6CCA24-7572-4F8B-8257-23BC7C3CBB73}.Debug|Any CPU.ActiveCfg = Debug|iPhone
		{BD6CCA24-7572-4F8B-8257-23BC7C3CBB73}.Debug|ARM.ActiveCfg = Debug|iPhone
		{BD6CCA24-7572-4F8B-8257-23BC7C3CBB73}.Debug|iPhone.ActiveCfg = Debug|iPhone
		{BD6CCA24-7572-4F8B-8257-23BC7C3CBB73}.Debug|iPhone.Build.0 = Debug|iPhone
		{BD6CCA24-7572-4F8B-8257-23BC7C3CBB73}.Debug|iPhoneSimulator.ActiveCfg = Debug|iPhoneSimulator
		{BD6CCA24-7572-4F8B-8257-23BC7C3CBB73}.Debug|iPhoneSimulator.Build.0 = Debug|iPhoneSimulator
		{BD6CCA24-7572-4F8B-8257-23BC7C3CBB73}.Debug|x64.ActiveCfg = Debug|iPhone
		{BD6CCA24-7572-4F8B-8257-23BC7C3CBB73}.Debug|x86.ActiveCfg = Debug|iPhone
		{BD6CCA24-7572-4F8B-8257-23BC7C3CBB73}.Release|Any CPU.ActiveCfg = Release|iPhone
		{BD6CCA24-7572-4F8B-8257-23BC7C3CBB73}.Release|ARM.ActiveCfg = Release|iPhone
		{BD6CCA24-7572-4F8B-8257-23BC7C3CBB73}.Release|iPhone.ActiveCfg = Release|iPhone
		{BD6CCA24-7572-4F8B-8257-23BC7C3CBB73}.Release|iPhone.Build.0 = Release|iPhone
		{BD6CCA24-7572-4F8B-8257-23BC7C3CBB73}.Release|iPhoneSimulator.ActiveCfg = Release|iPhoneSimulator
		{BD6CCA24-7572-4F8B-8257-23BC7C3CBB73}.Release|iPhoneSimulator.Build.0 = Release|iPhoneSimulator
		{BD6CCA24-7572-4F8B-8257-23BC7C3CBB73}.Release|x64.ActiveCfg = Release|iPhone
		{BD6CCA24-7572-4F8B-8257-23BC7C3CBB73}.Release|x86.ActiveCfg = Release|iPhone
		{BB0BA4B5-6A48-4AD7-BEA0-0D122FF5BE0D}.Ad-Hoc|Any CPU.ActiveCfg = Release|Any CPU
		{BB0BA4B5-6A48-4AD7-BEA0-0D122FF5BE0D}.Ad-Hoc|Any CPU.Build.0 = Release|Any CPU
		{BB0BA4B5-6A48-4AD7-BEA0-0D122FF5BE0D}.Ad-Hoc|Any CPU.Deploy.0 = Release|Any CPU
		{BB0BA4B5-6A48-4AD7-BEA0-0D122FF5BE0D}.Ad-Hoc|ARM.ActiveCfg = Release|ARM
		{BB0BA4B5-6A48-4AD7-BEA0-0D122FF5BE0D}.Ad-Hoc|ARM.Build.0 = Release|ARM
		{BB0BA4B5-6A48-4AD7-BEA0-0D122FF5BE0D}.Ad-Hoc|ARM.Deploy.0 = Release|ARM
		{BB0BA4B5-6A48-4AD7-BEA0-0D122FF5BE0D}.Ad-Hoc|iPhone.ActiveCfg = Release|Any CPU
		{BB0BA4B5-6A48-4AD7-BEA0-0D122FF5BE0D}.Ad-Hoc|iPhone.Build.0 = Release|Any CPU
		{BB0BA4B5-6A48-4AD7-BEA0-0D122FF5BE0D}.Ad-Hoc|iPhone.Deploy.0 = Release|Any CPU
		{BB0BA4B5-6A48-4AD7-BEA0-0D122FF5BE0D}.Ad-Hoc|iPhoneSimulator.ActiveCfg = Release|Any CPU
		{BB0BA4B5-6A48-4AD7-BEA0-0D122FF5BE0D}.Ad-Hoc|iPhoneSimulator.Build.0 = Release|Any CPU
		{BB0BA4B5-6A48-4AD7-BEA0-0D122FF5BE0D}.Ad-Hoc|iPhoneSimulator.Deploy.0 = Release|Any CPU
		{BB0BA4B5-6A48-4AD7-BEA0-0D122FF5BE0D}.Ad-Hoc|x64.ActiveCfg = Release|Any CPU
		{BB0BA4B5-6A48-4AD7-BEA0-0D122FF5BE0D}.Ad-Hoc|x64.Build.0 = Release|Any CPU
		{BB0BA4B5-6A48-4AD7-BEA0-0D122FF5BE0D}.Ad-Hoc|x64.Deploy.0 = Release|Any CPU
		{BB0BA4B5-6A48-4AD7-BEA0-0D122FF5BE0D}.Ad-Hoc|x86.ActiveCfg = Release|x86
		{BB0BA4B5-6A48-4AD7-BEA0-0D122FF5BE0D}.Ad-Hoc|x86.Build.0 = Release|x86
		{BB0BA4B5-6A48-4AD7-BEA0-0D122FF5BE0D}.Ad-Hoc|x86.Deploy.0 = Release|x86
		{BB0BA4B5-6A48-4AD7-BEA0-0D122FF5BE0D}.AppStore|Any CPU.ActiveCfg = Release|Any CPU
		{BB0BA4B5-6A48-4AD7-BEA0-0D122FF5BE0D}.AppStore|Any CPU.Build.0 = Release|Any CPU
		{BB0BA4B5-6A48-4AD7-BEA0-0D122FF5BE0D}.AppStore|Any CPU.Deploy.0 = Release|Any CPU
		{BB0BA4B5-6A48-4AD7-BEA0-0D122FF5BE0D}.AppStore|ARM.ActiveCfg = Release|ARM
		{BB0BA4B5-6A48-4AD7-BEA0-0D122FF5BE0D}.AppStore|ARM.Build.0 = Release|ARM
		{BB0BA4B5-6A48-4AD7-BEA0-0D122FF5BE0D}.AppStore|ARM.Deploy.0 = Release|ARM
		{BB0BA4B5-6A48-4AD7-BEA0-0D122FF5BE0D}.AppStore|iPhone.ActiveCfg = Release|Any CPU
		{BB0BA4B5-6A48-4AD7-BEA0-0D122FF5BE0D}.AppStore|iPhone.Build.0 = Release|Any CPU
		{BB0BA4B5-6A48-4AD7-BEA0-0D122FF5BE0D}.AppStore|iPhone.Deploy.0 = Release|Any CPU
		{BB0BA4B5-6A48-4AD7-BEA0-0D122FF5BE0D}.AppStore|iPhoneSimulator.ActiveCfg = Release|Any CPU
		{BB0BA4B5-6A48-4AD7-BEA0-0D122FF5BE0D}.AppStore|iPhoneSimulator.Build.0 = Release|Any CPU
		{BB0BA4B5-6A48-4AD7-BEA0-0D122FF5BE0D}.AppStore|iPhoneSimulator.Deploy.0 = Release|Any CPU
		{BB0BA4B5-6A48-4AD7-BEA0-0D122FF5BE0D}.AppStore|x64.ActiveCfg = Release|Any CPU
		{BB0BA4B5-6A48-4AD7-BEA0-0D122FF5BE0D}.AppStore|x64.Build.0 = Release|Any CPU
		{BB0BA4B5-6A48-4AD7-BEA0-0D122FF5BE0D}.AppStore|x64.Deploy.0 = Release|Any CPU
		{BB0BA4B5-6A48-4AD7-BEA0-0D122FF5BE0D}.AppStore|x86.ActiveCfg = Release|x86
		{BB0BA4B5-6A48-4AD7-BEA0-0D122FF5BE0D}.AppStore|x86.Build.0 = Release|x86
		{BB0BA4B5-6A48-4AD7-BEA0-0D122FF5BE0D}.AppStore|x86.Deploy.0 = Release|x86
		{BB0BA4B5-6A48-4AD7-BEA0-0D122FF5BE0D}.Debug|Any CPU.ActiveCfg = Debug|Any CPU
		{BB0BA4B5-6A48-4AD7-BEA0-0D122FF5BE0D}.Debug|Any CPU.Build.0 = Debug|Any CPU
		{BB0BA4B5-6A48-4AD7-BEA0-0D122FF5BE0D}.Debug|Any CPU.Deploy.0 = Debug|Any CPU
		{BB0BA4B5-6A48-4AD7-BEA0-0D122FF5BE0D}.Debug|ARM.ActiveCfg = Debug|ARM
		{BB0BA4B5-6A48-4AD7-BEA0-0D122FF5BE0D}.Debug|ARM.Build.0 = Debug|ARM
		{BB0BA4B5-6A48-4AD7-BEA0-0D122FF5BE0D}.Debug|ARM.Deploy.0 = Debug|ARM
		{BB0BA4B5-6A48-4AD7-BEA0-0D122FF5BE0D}.Debug|iPhone.ActiveCfg = Debug|Any CPU
		{BB0BA4B5-6A48-4AD7-BEA0-0D122FF5BE0D}.Debug|iPhone.Build.0 = Debug|Any CPU
		{BB0BA4B5-6A48-4AD7-BEA0-0D122FF5BE0D}.Debug|iPhone.Deploy.0 = Debug|Any CPU
		{BB0BA4B5-6A48-4AD7-BEA0-0D122FF5BE0D}.Debug|iPhoneSimulator.ActiveCfg = Debug|Any CPU
		{BB0BA4B5-6A48-4AD7-BEA0-0D122FF5BE0D}.Debug|iPhoneSimulator.Build.0 = Debug|Any CPU
		{BB0BA4B5-6A48-4AD7-BEA0-0D122FF5BE0D}.Debug|iPhoneSimulator.Deploy.0 = Debug|Any CPU
		{BB0BA4B5-6A48-4AD7-BEA0-0D122FF5BE0D}.Debug|x64.ActiveCfg = Debug|Any CPU
		{BB0BA4B5-6A48-4AD7-BEA0-0D122FF5BE0D}.Debug|x64.Build.0 = Debug|Any CPU
		{BB0BA4B5-6A48-4AD7-BEA0-0D122FF5BE0D}.Debug|x64.Deploy.0 = Debug|Any CPU
		{BB0BA4B5-6A48-4AD7-BEA0-0D122FF5BE0D}.Debug|x86.ActiveCfg = Debug|x86
		{BB0BA4B5-6A48-4AD7-BEA0-0D122FF5BE0D}.Debug|x86.Build.0 = Debug|x86
		{BB0BA4B5-6A48-4AD7-BEA0-0D122FF5BE0D}.Debug|x86.Deploy.0 = Debug|x86
		{BB0BA4B5-6A48-4AD7-BEA0-0D122FF5BE0D}.Release|Any CPU.ActiveCfg = Release|Any CPU
		{BB0BA4B5-6A48-4AD7-BEA0-0D122FF5BE0D}.Release|Any CPU.Build.0 = Release|Any CPU
		{BB0BA4B5-6A48-4AD7-BEA0-0D122FF5BE0D}.Release|Any CPU.Deploy.0 = Release|Any CPU
		{BB0BA4B5-6A48-4AD7-BEA0-0D122FF5BE0D}.Release|ARM.ActiveCfg = Release|ARM
		{BB0BA4B5-6A48-4AD7-BEA0-0D122FF5BE0D}.Release|ARM.Build.0 = Release|ARM
		{BB0BA4B5-6A48-4AD7-BEA0-0D122FF5BE0D}.Release|ARM.Deploy.0 = Release|ARM
		{BB0BA4B5-6A48-4AD7-BEA0-0D122FF5BE0D}.Release|iPhone.ActiveCfg = Release|Any CPU
		{BB0BA4B5-6A48-4AD7-BEA0-0D122FF5BE0D}.Release|iPhone.Build.0 = Release|Any CPU
		{BB0BA4B5-6A48-4AD7-BEA0-0D122FF5BE0D}.Release|iPhone.Deploy.0 = Release|Any CPU
		{BB0BA4B5-6A48-4AD7-BEA0-0D122FF5BE0D}.Release|iPhoneSimulator.ActiveCfg = Release|Any CPU
		{BB0BA4B5-6A48-4AD7-BEA0-0D122FF5BE0D}.Release|iPhoneSimulator.Build.0 = Release|Any CPU
		{BB0BA4B5-6A48-4AD7-BEA0-0D122FF5BE0D}.Release|iPhoneSimulator.Deploy.0 = Release|Any CPU
		{BB0BA4B5-6A48-4AD7-BEA0-0D122FF5BE0D}.Release|x64.ActiveCfg = Release|Any CPU
		{BB0BA4B5-6A48-4AD7-BEA0-0D122FF5BE0D}.Release|x64.Build.0 = Release|Any CPU
		{BB0BA4B5-6A48-4AD7-BEA0-0D122FF5BE0D}.Release|x64.Deploy.0 = Release|Any CPU
		{BB0BA4B5-6A48-4AD7-BEA0-0D122FF5BE0D}.Release|x86.ActiveCfg = Release|x86
		{BB0BA4B5-6A48-4AD7-BEA0-0D122FF5BE0D}.Release|x86.Build.0 = Release|x86
		{BB0BA4B5-6A48-4AD7-BEA0-0D122FF5BE0D}.Release|x86.Deploy.0 = Release|x86
		{E5F3B859-19B0-4448-A3F4-FA4945A5FE4D}.Ad-Hoc|Any CPU.ActiveCfg = Release|x86
		{E5F3B859-19B0-4448-A3F4-FA4945A5FE4D}.Ad-Hoc|Any CPU.Build.0 = Release|x86
		{E5F3B859-19B0-4448-A3F4-FA4945A5FE4D}.Ad-Hoc|Any CPU.Deploy.0 = Release|x86
		{E5F3B859-19B0-4448-A3F4-FA4945A5FE4D}.Ad-Hoc|ARM.ActiveCfg = Release|ARM
		{E5F3B859-19B0-4448-A3F4-FA4945A5FE4D}.Ad-Hoc|ARM.Build.0 = Release|ARM
		{E5F3B859-19B0-4448-A3F4-FA4945A5FE4D}.Ad-Hoc|ARM.Deploy.0 = Release|ARM
		{E5F3B859-19B0-4448-A3F4-FA4945A5FE4D}.Ad-Hoc|iPhone.ActiveCfg = Release|x86
		{E5F3B859-19B0-4448-A3F4-FA4945A5FE4D}.Ad-Hoc|iPhone.Build.0 = Release|x86
		{E5F3B859-19B0-4448-A3F4-FA4945A5FE4D}.Ad-Hoc|iPhone.Deploy.0 = Release|x86
		{E5F3B859-19B0-4448-A3F4-FA4945A5FE4D}.Ad-Hoc|iPhoneSimulator.ActiveCfg = Release|x86
		{E5F3B859-19B0-4448-A3F4-FA4945A5FE4D}.Ad-Hoc|iPhoneSimulator.Build.0 = Release|x86
		{E5F3B859-19B0-4448-A3F4-FA4945A5FE4D}.Ad-Hoc|iPhoneSimulator.Deploy.0 = Release|x86
		{E5F3B859-19B0-4448-A3F4-FA4945A5FE4D}.Ad-Hoc|x64.ActiveCfg = Release|x64
		{E5F3B859-19B0-4448-A3F4-FA4945A5FE4D}.Ad-Hoc|x64.Build.0 = Release|x64
		{E5F3B859-19B0-4448-A3F4-FA4945A5FE4D}.Ad-Hoc|x64.Deploy.0 = Release|x64
		{E5F3B859-19B0-4448-A3F4-FA4945A5FE4D}.Ad-Hoc|x86.ActiveCfg = Release|x86
		{E5F3B859-19B0-4448-A3F4-FA4945A5FE4D}.Ad-Hoc|x86.Build.0 = Release|x86
		{E5F3B859-19B0-4448-A3F4-FA4945A5FE4D}.Ad-Hoc|x86.Deploy.0 = Release|x86
		{E5F3B859-19B0-4448-A3F4-FA4945A5FE4D}.AppStore|Any CPU.ActiveCfg = Release|x86
		{E5F3B859-19B0-4448-A3F4-FA4945A5FE4D}.AppStore|Any CPU.Build.0 = Release|x86
		{E5F3B859-19B0-4448-A3F4-FA4945A5FE4D}.AppStore|Any CPU.Deploy.0 = Release|x86
		{E5F3B859-19B0-4448-A3F4-FA4945A5FE4D}.AppStore|ARM.ActiveCfg = Release|ARM
		{E5F3B859-19B0-4448-A3F4-FA4945A5FE4D}.AppStore|ARM.Build.0 = Release|ARM
		{E5F3B859-19B0-4448-A3F4-FA4945A5FE4D}.AppStore|ARM.Deploy.0 = Release|ARM
		{E5F3B859-19B0-4448-A3F4-FA4945A5FE4D}.AppStore|iPhone.ActiveCfg = Release|x86
		{E5F3B859-19B0-4448-A3F4-FA4945A5FE4D}.AppStore|iPhone.Build.0 = Release|x86
		{E5F3B859-19B0-4448-A3F4-FA4945A5FE4D}.AppStore|iPhone.Deploy.0 = Release|x86
		{E5F3B859-19B0-4448-A3F4-FA4945A5FE4D}.AppStore|iPhoneSimulator.ActiveCfg = Release|x86
		{E5F3B859-19B0-4448-A3F4-FA4945A5FE4D}.AppStore|iPhoneSimulator.Build.0 = Release|x86
		{E5F3B859-19B0-4448-A3F4-FA4945A5FE4D}.AppStore|iPhoneSimulator.Deploy.0 = Release|x86
		{E5F3B859-19B0-4448-A3F4-FA4945A5FE4D}.AppStore|x64.ActiveCfg = Release|x64
		{E5F3B859-19B0-4448-A3F4-FA4945A5FE4D}.AppStore|x64.Build.0 = Release|x64
		{E5F3B859-19B0-4448-A3F4-FA4945A5FE4D}.AppStore|x64.Deploy.0 = Release|x64
		{E5F3B859-19B0-4448-A3F4-FA4945A5FE4D}.AppStore|x86.ActiveCfg = Release|x86
		{E5F3B859-19B0-4448-A3F4-FA4945A5FE4D}.AppStore|x86.Build.0 = Release|x86
		{E5F3B859-19B0-4448-A3F4-FA4945A5FE4D}.AppStore|x86.Deploy.0 = Release|x86
		{E5F3B859-19B0-4448-A3F4-FA4945A5FE4D}.Debug|Any CPU.ActiveCfg = Debug|x86
		{E5F3B859-19B0-4448-A3F4-FA4945A5FE4D}.Debug|ARM.ActiveCfg = Debug|ARM
		{E5F3B859-19B0-4448-A3F4-FA4945A5FE4D}.Debug|ARM.Build.0 = Debug|ARM
		{E5F3B859-19B0-4448-A3F4-FA4945A5FE4D}.Debug|ARM.Deploy.0 = Debug|ARM
		{E5F3B859-19B0-4448-A3F4-FA4945A5FE4D}.Debug|iPhone.ActiveCfg = Debug|x86
		{E5F3B859-19B0-4448-A3F4-FA4945A5FE4D}.Debug|iPhoneSimulator.ActiveCfg = Debug|x86
		{E5F3B859-19B0-4448-A3F4-FA4945A5FE4D}.Debug|x64.ActiveCfg = Debug|x64
		{E5F3B859-19B0-4448-A3F4-FA4945A5FE4D}.Debug|x64.Build.0 = Debug|x64
		{E5F3B859-19B0-4448-A3F4-FA4945A5FE4D}.Debug|x64.Deploy.0 = Debug|x64
		{E5F3B859-19B0-4448-A3F4-FA4945A5FE4D}.Debug|x86.ActiveCfg = Debug|x86
		{E5F3B859-19B0-4448-A3F4-FA4945A5FE4D}.Debug|x86.Build.0 = Debug|x86
		{E5F3B859-19B0-4448-A3F4-FA4945A5FE4D}.Debug|x86.Deploy.0 = Debug|x86
		{E5F3B859-19B0-4448-A3F4-FA4945A5FE4D}.Release|Any CPU.ActiveCfg = Release|x86
		{E5F3B859-19B0-4448-A3F4-FA4945A5FE4D}.Release|ARM.ActiveCfg = Release|ARM
		{E5F3B859-19B0-4448-A3F4-FA4945A5FE4D}.Release|ARM.Build.0 = Release|ARM
		{E5F3B859-19B0-4448-A3F4-FA4945A5FE4D}.Release|ARM.Deploy.0 = Release|ARM
		{E5F3B859-19B0-4448-A3F4-FA4945A5FE4D}.Release|iPhone.ActiveCfg = Release|x86
		{E5F3B859-19B0-4448-A3F4-FA4945A5FE4D}.Release|iPhoneSimulator.ActiveCfg = Release|x86
		{E5F3B859-19B0-4448-A3F4-FA4945A5FE4D}.Release|x64.ActiveCfg = Release|x64
		{E5F3B859-19B0-4448-A3F4-FA4945A5FE4D}.Release|x64.Build.0 = Release|x64
		{E5F3B859-19B0-4448-A3F4-FA4945A5FE4D}.Release|x64.Deploy.0 = Release|x64
		{E5F3B859-19B0-4448-A3F4-FA4945A5FE4D}.Release|x86.ActiveCfg = Release|x86
		{E5F3B859-19B0-4448-A3F4-FA4945A5FE4D}.Release|x86.Build.0 = Release|x86
		{E5F3B859-19B0-4448-A3F4-FA4945A5FE4D}.Release|x86.Deploy.0 = Release|x86
		{2AB8AB4D-1B92-478E-8794-D2D2C7F72467}.Ad-Hoc|Any CPU.ActiveCfg = Release|Any CPU
		{2AB8AB4D-1B92-478E-8794-D2D2C7F72467}.Ad-Hoc|Any CPU.Build.0 = Release|Any CPU
		{2AB8AB4D-1B92-478E-8794-D2D2C7F72467}.Ad-Hoc|ARM.ActiveCfg = Release|Any CPU
		{2AB8AB4D-1B92-478E-8794-D2D2C7F72467}.Ad-Hoc|ARM.Build.0 = Release|Any CPU
		{2AB8AB4D-1B92-478E-8794-D2D2C7F72467}.Ad-Hoc|iPhone.ActiveCfg = Release|Any CPU
		{2AB8AB4D-1B92-478E-8794-D2D2C7F72467}.Ad-Hoc|iPhone.Build.0 = Release|Any CPU
		{2AB8AB4D-1B92-478E-8794-D2D2C7F72467}.Ad-Hoc|iPhoneSimulator.ActiveCfg = Release|Any CPU
		{2AB8AB4D-1B92-478E-8794-D2D2C7F72467}.Ad-Hoc|iPhoneSimulator.Build.0 = Release|Any CPU
		{2AB8AB4D-1B92-478E-8794-D2D2C7F72467}.Ad-Hoc|x64.ActiveCfg = Release|Any CPU
		{2AB8AB4D-1B92-478E-8794-D2D2C7F72467}.Ad-Hoc|x64.Build.0 = Release|Any CPU
		{2AB8AB4D-1B92-478E-8794-D2D2C7F72467}.Ad-Hoc|x86.ActiveCfg = Release|Any CPU
		{2AB8AB4D-1B92-478E-8794-D2D2C7F72467}.Ad-Hoc|x86.Build.0 = Release|Any CPU
		{2AB8AB4D-1B92-478E-8794-D2D2C7F72467}.AppStore|Any CPU.ActiveCfg = Release|Any CPU
		{2AB8AB4D-1B92-478E-8794-D2D2C7F72467}.AppStore|Any CPU.Build.0 = Release|Any CPU
		{2AB8AB4D-1B92-478E-8794-D2D2C7F72467}.AppStore|ARM.ActiveCfg = Release|Any CPU
		{2AB8AB4D-1B92-478E-8794-D2D2C7F72467}.AppStore|ARM.Build.0 = Release|Any CPU
		{2AB8AB4D-1B92-478E-8794-D2D2C7F72467}.AppStore|iPhone.ActiveCfg = Release|Any CPU
		{2AB8AB4D-1B92-478E-8794-D2D2C7F72467}.AppStore|iPhone.Build.0 = Release|Any CPU
		{2AB8AB4D-1B92-478E-8794-D2D2C7F72467}.AppStore|iPhoneSimulator.ActiveCfg = Release|Any CPU
		{2AB8AB4D-1B92-478E-8794-D2D2C7F72467}.AppStore|iPhoneSimulator.Build.0 = Release|Any CPU
		{2AB8AB4D-1B92-478E-8794-D2D2C7F72467}.AppStore|x64.ActiveCfg = Release|Any CPU
		{2AB8AB4D-1B92-478E-8794-D2D2C7F72467}.AppStore|x64.Build.0 = Release|Any CPU
		{2AB8AB4D-1B92-478E-8794-D2D2C7F72467}.AppStore|x86.ActiveCfg = Release|Any CPU
		{2AB8AB4D-1B92-478E-8794-D2D2C7F72467}.AppStore|x86.Build.0 = Release|Any CPU
		{2AB8AB4D-1B92-478E-8794-D2D2C7F72467}.Debug|Any CPU.ActiveCfg = Debug|Any CPU
		{2AB8AB4D-1B92-478E-8794-D2D2C7F72467}.Debug|Any CPU.Build.0 = Debug|Any CPU
		{2AB8AB4D-1B92-478E-8794-D2D2C7F72467}.Debug|ARM.ActiveCfg = Debug|Any CPU
		{2AB8AB4D-1B92-478E-8794-D2D2C7F72467}.Debug|ARM.Build.0 = Debug|Any CPU
		{2AB8AB4D-1B92-478E-8794-D2D2C7F72467}.Debug|iPhone.ActiveCfg = Debug|Any CPU
		{2AB8AB4D-1B92-478E-8794-D2D2C7F72467}.Debug|iPhone.Build.0 = Debug|Any CPU
		{2AB8AB4D-1B92-478E-8794-D2D2C7F72467}.Debug|iPhoneSimulator.ActiveCfg = Debug|Any CPU
		{2AB8AB4D-1B92-478E-8794-D2D2C7F72467}.Debug|iPhoneSimulator.Build.0 = Debug|Any CPU
		{2AB8AB4D-1B92-478E-8794-D2D2C7F72467}.Debug|x64.ActiveCfg = Debug|Any CPU
		{2AB8AB4D-1B92-478E-8794-D2D2C7F72467}.Debug|x64.Build.0 = Debug|Any CPU
		{2AB8AB4D-1B92-478E-8794-D2D2C7F72467}.Debug|x86.ActiveCfg = Debug|Any CPU
		{2AB8AB4D-1B92-478E-8794-D2D2C7F72467}.Debug|x86.Build.0 = Debug|Any CPU
		{2AB8AB4D-1B92-478E-8794-D2D2C7F72467}.Release|Any CPU.ActiveCfg = Release|Any CPU
		{2AB8AB4D-1B92-478E-8794-D2D2C7F72467}.Release|Any CPU.Build.0 = Release|Any CPU
		{2AB8AB4D-1B92-478E-8794-D2D2C7F72467}.Release|ARM.ActiveCfg = Release|Any CPU
		{2AB8AB4D-1B92-478E-8794-D2D2C7F72467}.Release|ARM.Build.0 = Release|Any CPU
		{2AB8AB4D-1B92-478E-8794-D2D2C7F72467}.Release|iPhone.ActiveCfg = Release|Any CPU
		{2AB8AB4D-1B92-478E-8794-D2D2C7F72467}.Release|iPhone.Build.0 = Release|Any CPU
		{2AB8AB4D-1B92-478E-8794-D2D2C7F72467}.Release|iPhoneSimulator.ActiveCfg = Release|Any CPU
		{2AB8AB4D-1B92-478E-8794-D2D2C7F72467}.Release|iPhoneSimulator.Build.0 = Release|Any CPU
		{2AB8AB4D-1B92-478E-8794-D2D2C7F72467}.Release|x64.ActiveCfg = Release|Any CPU
		{2AB8AB4D-1B92-478E-8794-D2D2C7F72467}.Release|x64.Build.0 = Release|Any CPU
		{2AB8AB4D-1B92-478E-8794-D2D2C7F72467}.Release|x86.ActiveCfg = Release|Any CPU
		{2AB8AB4D-1B92-478E-8794-D2D2C7F72467}.Release|x86.Build.0 = Release|Any CPU
	EndGlobalSection
	GlobalSection(SolutionProperties) = preSolution
		HideSolutionNode = FALSE
	EndGlobalSection
EndGlobal
